github.com/google/go-cmp v0.7.0 h1:wk8382ETsv4JYUZwIsn6YpYiWiBsYLSJiTsyBybVuN8=
github.com/google/uuid v1.6.0 h1:NIvaJDMOsjHA8n1jAhLSgzrAzy1Hgr+hNrb57e+94F0=
github.com/google/uuid v1.6.0/go.mod h1:TIyPZe4MgqvfeYDBFedMoGGpEw/LqOeaOT+nhxU+yHo=
github.com/opisvigilant/futura/proto v0.0.0-20250808191737-26c5b3682d23 h1:3MwIsvbvsJm887ojec98NycpCNCEVjH2pSzF8yxwa3s=
github.com/opisvigilant/futura/proto v0.0.0-20250808191737-26c5b3682d23/go.mod h1:bfEWW7RedvtjgiLVbGy2YXszykZdNMfyTKIGerYD//4=
google.golang.org/protobuf v1.36.7 h1:IgrO7UwFQGJdRNXH/sQux4R1Dj1WAKcLElzeeRaXV2A=
